
Microsoft Visual Studio Solution File, Format Version 12.00
# Visual Studio 15
VisualStudioVersion = 15.0.28306.52
MinimumVisualStudioVersion = 10.0.40219.1
Project("{FAE04EC0-301F-11D3-BF4B-00C04F79EFBC}") = "WpDemo", "WpDemo\WpDemo.csproj", "{65A834BF-A574-48F1-9A96-98FE5763CE26}"
EndProject
Global
	GlobalSection(SolutionConfigurationPlatforms) = preSolution
		Debug|Any CPU = Debug|Any CPU
		Release|Any CPU = Release|Any CPU
	EndGlobalSection
	GlobalSection(ProjectConfigurationPlatforms) = postSolution
		{65A834BF-A574-48F1-9A96-98FE5763CE26}.Debug|Any CPU.ActiveCfg = Debug|Any CPU
		{65A834BF-A574-48F1-9A96-98FE5763CE26}.Debug|Any CPU.Build.0 = Debug|Any CPU
		{65A834BF-A574-48F1-9A96-98FE5763CE26}.Release|Any CPU.ActiveCfg = Release|Any CPU
		{65A834BF-A574-48F1-9A96-98FE5763CE26}.Release|Any CPU.Build.0 = Release|Any CPU
	EndGlobalSection
	GlobalSection(SolutionProperties) = preSolution
		HideSolutionNode = FALSE
	EndGlobalSection
	GlobalSection(ExtensibilityGlobals) = postSolution
		SolutionGuid = {4EDD669E-F448-414A-B913-E8CE042EA647}
	EndGlobalSection
EndGlobal
