
Microsoft Visual Studio Solution File, Format Version 12.00
# Visual Studio 15
VisualStudioVersion = 15.0.28306.52
MinimumVisualStudioVersion = 10.0.40219.1
Project("{FAE04EC0-301F-11D3-BF4B-00C04F79EFBC}") = "PrismDemo", "PrismDemo\PrismDemo.csproj", "{A9F76C8C-BCBB-4374-9C25-8517761AC5C9}"
EndProject
Project("{FAE04EC0-301F-11D3-BF4B-00C04F79EFBC}") = "Module1", "..\Module1\Module1.csproj", "{F8170E70-C9A5-4774-8071-78E471761401}"
EndProject
Global
	GlobalSection(SolutionConfigurationPlatforms) = preSolution
		Debug|Any CPU = Debug|Any CPU
		Release|Any CPU = Release|Any CPU
	EndGlobalSection
	GlobalSection(ProjectConfigurationPlatforms) = postSolution
		{A9F76C8C-BCBB-4374-9C25-8517761AC5C9}.Debug|Any CPU.ActiveCfg = Debug|Any CPU
		{A9F76C8C-BCBB-4374-9C25-8517761AC5C9}.Debug|Any CPU.Build.0 = Debug|Any CPU
		{A9F76C8C-BCBB-4374-9C25-8517761AC5C9}.Release|Any CPU.ActiveCfg = Release|Any CPU
		{A9F76C8C-BCBB-4374-9C25-8517761AC5C9}.Release|Any CPU.Build.0 = Release|Any CPU
		{F8170E70-C9A5-4774-8071-78E471761401}.Debug|Any CPU.ActiveCfg = Debug|Any CPU
		{F8170E70-C9A5-4774-8071-78E471761401}.Debug|Any CPU.Build.0 = Debug|Any CPU
		{F8170E70-C9A5-4774-8071-78E471761401}.Release|Any CPU.ActiveCfg = Release|Any CPU
		{F8170E70-C9A5-4774-8071-78E471761401}.Release|Any CPU.Build.0 = Release|Any CPU
	EndGlobalSection
	GlobalSection(SolutionProperties) = preSolution
		HideSolutionNode = FALSE
	EndGlobalSection
	GlobalSection(ExtensibilityGlobals) = postSolution
		SolutionGuid = {96063F05-CE7D-4613-AC28-ACA2F3752A03}
	EndGlobalSection
EndGlobal
